
Microsoft Visual Studio Solution File, Format Version 12.00
# Visual Studio Version 16
VisualStudioVersion = 16.0.30621.155
MinimumVisualStudioVersion = 10.0.40219.1
Project("{FAE04EC0-301F-11D3-BF4B-00C04F79EFBC}") = "GUI+DB", "GUI+DB.csproj", "{DF3D7F4E-49A3-4F8A-95C3-EAA5D45596FE}"
EndProject
Global
	GlobalSection(SolutionConfigurationPlatforms) = preSolution
		Debug|Any CPU = Debug|Any CPU
		Release|Any CPU = Release|Any CPU
	EndGlobalSection
	GlobalSection(ProjectConfigurationPlatforms) = postSolution
		{DF3D7F4E-49A3-4F8A-95C3-EAA5D45596FE}.Debug|Any CPU.ActiveCfg = Debug|Any CPU
		{DF3D7F4E-49A3-4F8A-95C3-EAA5D45596FE}.Debug|Any CPU.Build.0 = Debug|Any CPU
		{DF3D7F4E-49A3-4F8A-95C3-EAA5D45596FE}.Release|Any CPU.ActiveCfg = Release|Any CPU
		{DF3D7F4E-49A3-4F8A-95C3-EAA5D45596FE}.Release|Any CPU.Build.0 = Release|Any CPU
	EndGlobalSection
	GlobalSection(SolutionProperties) = preSolution
		HideSolutionNode = FALSE
	EndGlobalSection
	GlobalSection(ExtensibilityGlobals) = postSolution
		SolutionGuid = {CB08BA2B-15AA-4BD6-9C24-01C5EE273BF7}
	EndGlobalSection
EndGlobal
